
Microsoft Visual Studio Solution File, Format Version 12.00
Project("{FAE04EC0-301F-11D3-BF4B-00C04F79EFBC}") = "ResourceIdle", "ResourceIdle\ResourceIdle.csproj", "{373C3BAB-5875-4B52-8D6A-962742F2AA92}"
EndProject
Project("{FAE04EC0-301F-11D3-BF4B-00C04F79EFBC}") = "Joyersch.Monogame", "..\Joyersch.Monogame\Joyersch.Monogame\Joyersch.Monogame.csproj", "{2BB29E4A-3924-4344-A16F-9A841F19884F}"
EndProject
Global
	GlobalSection(SolutionConfigurationPlatforms) = preSolution
		Debug|Any CPU = Debug|Any CPU
		Release|Any CPU = Release|Any CPU
	EndGlobalSection
	GlobalSection(ProjectConfigurationPlatforms) = postSolution
		{373C3BAB-5875-4B52-8D6A-962742F2AA92}.Debug|Any CPU.ActiveCfg = Debug|Any CPU
		{373C3BAB-5875-4B52-8D6A-962742F2AA92}.Debug|Any CPU.Build.0 = Debug|Any CPU
		{373C3BAB-5875-4B52-8D6A-962742F2AA92}.Release|Any CPU.ActiveCfg = Release|Any CPU
		{373C3BAB-5875-4B52-8D6A-962742F2AA92}.Release|Any CPU.Build.0 = Release|Any CPU
		{2BB29E4A-3924-4344-A16F-9A841F19884F}.Debug|Any CPU.ActiveCfg = Debug|Any CPU
		{2BB29E4A-3924-4344-A16F-9A841F19884F}.Debug|Any CPU.Build.0 = Debug|Any CPU
		{2BB29E4A-3924-4344-A16F-9A841F19884F}.Release|Any CPU.ActiveCfg = Release|Any CPU
		{2BB29E4A-3924-4344-A16F-9A841F19884F}.Release|Any CPU.Build.0 = Release|Any CPU
	EndGlobalSection
EndGlobal
